// !$*UTF8*$!
{
	archiveVersion = 1;
	classes = {
	};
	objectVersion = 46;
	objects = {

/* Begin PBXBuildFile section */
		D4DF81021A9A3D41008FA560 /* AppDelegate.swift in Sources */ = {isa = PBXBuildFile; fileRef = D4DF81011A9A3D41008FA560 /* AppDelegate.swift */; };
		D4DF81041A9A3D41008FA560 /* ViewController.swift in Sources */ = {isa = PBXBuildFile; fileRef = D4DF81031A9A3D41008FA560 /* ViewController.swift */; };
		D4DF81071A9A3D41008FA560 /* Main.storyboard in Resources */ = {isa = PBXBuildFile; fileRef = D4DF81051A9A3D41008FA560 /* Main.storyboard */; };
		D4DF81091A9A3D41008FA560 /* Images.xcassets in Resources */ = {isa = PBXBuildFile; fileRef = D4DF81081A9A3D41008FA560 /* Images.xcassets */; };
		D4DF810C1A9A3D41008FA560 /* LaunchScreen.xib in Resources */ = {isa = PBXBuildFile; fileRef = D4DF810A1A9A3D41008FA560 /* LaunchScreen.xib */; };
		D4DF81181A9A3D41008FA560 /* PolyLineRenderTestTests.swift in Sources */ = {isa = PBXBuildFile; fileRef = D4DF81171A9A3D41008FA560 /* PolyLineRenderTestTests.swift */; };
		D4DF81221A9A3F96008FA560 /* MapKit.framework in Frameworks */ = {isa = PBXBuildFile; fileRef = D4DF81211A9A3F96008FA560 /* MapKit.framework */; };
		D4DF81241A9AB783008FA560 /* SimplePolylineViewController.swift in Sources */ = {isa = PBXBuildFile; fileRef = D4DF81231A9AB783008FA560 /* SimplePolylineViewController.swift */; };
/* End PBXBuildFile section */

/* Begin PBXContainerItemProxy section */
		D4DF81121A9A3D41008FA560 /* PBXContainerItemProxy */ = {
			isa = PBXContainerItemProxy;
			containerPortal = D4DF80F41A9A3D40008FA560 /* Project object */;
			proxyType = 1;
			remoteGlobalIDString = D4DF80FB1A9A3D41008FA560;
			remoteInfo = PolyLineRenderTest;
		};
/* End PBXContainerItemProxy section */

/* Begin PBXFileReference section */
		D4DF80FC1A9A3D41008FA560 /* PolyLineRenderTest.app */ = {isa = PBXFileReference; explicitFileType = wrapper.application; includeInIndex = 0; path = PolyLineRenderTest.app; sourceTree = BUILT_PRODUCTS_DIR; };
		D4DF81001A9A3D41008FA560 /* Info.plist */ = {isa = PBXFileReference; lastKnownFileType = text.plist.xml; path = Info.plist; sourceTree = "<group>"; };
		D4DF81011A9A3D41008FA560 /* AppDelegate.swift */ = {isa = PBXFileReference; lastKnownFileType = sourcecode.swift; path = AppDelegate.swift; sourceTree = "<group>"; };
		D4DF81031A9A3D41008FA560 /* ViewController.swift */ = {isa = PBXFileReference; lastKnownFileType = sourcecode.swift; path = ViewController.swift; sourceTree = "<group>"; };
		D4DF81061A9A3D41008FA560 /* Base */ = {isa = PBXFileReference; lastKnownFileType = file.storyboard; name = Base; path = Base.lproj/Main.storyboard; sourceTree = "<group>"; };
		D4DF81081A9A3D41008FA560 /* Images.xcassets */ = {isa = PBXFileReference; lastKnownFileType = folder.assetcatalog; path = Images.xcassets; sourceTree = "<group>"; };
		D4DF810B1A9A3D41008FA560 /* Base */ = {isa = PBXFileReference; lastKnownFileType = file.xib; name = Base; path = Base.lproj/LaunchScreen.xib; sourceTree = "<group>"; };
		D4DF81111A9A3D41008FA560 /* PolyLineRenderTestTests.xctest */ = {isa = PBXFileReference; explicitFileType = wrapper.cfbundle; includeInIndex = 0; path = PolyLineRenderTestTests.xctest; sourceTree = BUILT_PRODUCTS_DIR; };
		D4DF81161A9A3D41008FA560 /* Info.plist */ = {isa = PBXFileReference; lastKnownFileType = text.plist.xml; path = Info.plist; sourceTree = "<group>"; };
		D4DF81171A9A3D41008FA560 /* PolyLineRenderTestTests.swift */ = {isa = PBXFileReference; lastKnownFileType = sourcecode.swift; path = PolyLineRenderTestTests.swift; sourceTree = "<group>"; };
		D4DF81211A9A3F96008FA560 /* MapKit.framework */ = {isa = PBXFileReference; lastKnownFileType = wrapper.framework; name = MapKit.framework; path = System/Library/Frameworks/MapKit.framework; sourceTree = SDKROOT; };
		D4DF81231A9AB783008FA560 /* SimplePolylineViewController.swift */ = {isa = PBXFileReference; fileEncoding = 4; lastKnownFileType = sourcecode.swift; path = SimplePolylineViewController.swift; sourceTree = "<group>"; };
/* End PBXFileReference section */

/* Begin PBXFrameworksBuildPhase section */
		D4DF80F91A9A3D41008FA560 /* Frameworks */ = {
			isa = PBXFrameworksBuildPhase;
			buildActionMask = 2147483647;
			files = (
				D4DF81221A9A3F96008FA560 /* MapKit.framework in Frameworks */,
			);
			runOnlyForDeploymentPostprocessing = 0;
		};
		D4DF810E1A9A3D41008FA560 /* Frameworks */ = {
			isa = PBXFrameworksBuildPhase;
			buildActionMask = 2147483647;
			files = (
			);
			runOnlyForDeploymentPostprocessing = 0;
		};
/* End PBXFrameworksBuildPhase section */

/* Begin PBXGroup section */
		D4DF80F31A9A3D40008FA560 = {
			isa = PBXGroup;
			children = (
				D4DF81211A9A3F96008FA560 /* MapKit.framework */,
				D4DF80FE1A9A3D41008FA560 /* PolyLineRenderTest */,
				D4DF81141A9A3D41008FA560 /* PolyLineRenderTestTests */,
				D4DF80FD1A9A3D41008FA560 /* Products */,
			);
			sourceTree = "<group>";
		};
		D4DF80FD1A9A3D41008FA560 /* Products */ = {
			isa = PBXGroup;
			children = (
				D4DF80FC1A9A3D41008FA560 /* PolyLineRenderTest.app */,
				D4DF81111A9A3D41008FA560 /* PolyLineRenderTestTests.xctest */,
			);
			name = Products;
			sourceTree = "<group>";
		};
		D4DF80FE1A9A3D41008FA560 /* PolyLineRenderTest */ = {
			isa = PBXGroup;
			children = (
				D4DF81011A9A3D41008FA560 /* AppDelegate.swift */,
				D4DF81031A9A3D41008FA560 /* ViewController.swift */,
				D4DF81051A9A3D41008FA560 /* Main.storyboard */,
				D4DF81081A9A3D41008FA560 /* Images.xcassets */,
				D4DF810A1A9A3D41008FA560 /* LaunchScreen.xib */,
				D4DF80FF1A9A3D41008FA560 /* Supporting Files */,
				D4DF81231A9AB783008FA560 /* SimplePolylineViewController.swift */,
			);
			path = PolyLineRenderTest;
			sourceTree = "<group>";
		};
		D4DF80FF1A9A3D41008FA560 /* Supporting Files */ = {
			isa = PBXGroup;
			children = (
				D4DF81001A9A3D41008FA560 /* Info.plist */,
			);
			name = "Supporting Files";
			sourceTree = "<group>";
		};
		D4DF81141A9A3D41008FA560 /* PolyLineRenderTestTests */ = {
			isa = PBXGroup;
			children = (
				D4DF81171A9A3D41008FA560 /* PolyLineRenderTestTests.swift */,
				D4DF81151A9A3D41008FA560 /* Supporting Files */,
			);
			path = PolyLineRenderTestTests;
			sourceTree = "<group>";
		};
		D4DF81151A9A3D41008FA560 /* Supporting Files */ = {
			isa = PBXGroup;
			children = (
				D4DF81161A9A3D41008FA560 /* Info.plist */,
			);
			name = "Supporting Files";
			sourceTree = "<group>";
		};
/* End PBXGroup section */

/* Begin PBXNativeTarget section */
		D4DF80FB1A9A3D41008FA560 /* PolyLineRenderTest */ = {
			isa = PBXNativeTarget;
			buildConfigurationList = D4DF811B1A9A3D41008FA560 /* Build configuration list for PBXNativeTarget "PolyLineRenderTest" */;
			buildPhases = (
				D4DF80F81A9A3D41008FA560 /* Sources */,
				D4DF80F91A9A3D41008FA560 /* Frameworks */,
				D4DF80FA1A9A3D41008FA560 /* Resources */,
			);
			buildRules = (
			);
			dependencies = (
			);
			name = PolyLineRenderTest;
			productName = PolyLineRenderTest;
			productReference = D4DF80FC1A9A3D41008FA560 /* PolyLineRenderTest.app */;
			productType = "com.apple.product-type.application";
		};
		D4DF81101A9A3D41008FA560 /* PolyLineRenderTestTests */ = {
			isa = PBXNativeTarget;
			buildConfigurationList = D4DF811E1A9A3D41008FA560 /* Build configuration list for PBXNativeTarget "PolyLineRenderTestTests" */;
			buildPhases = (
				D4DF810D1A9A3D41008FA560 /* Sources */,
				D4DF810E1A9A3D41008FA560 /* Frameworks */,
				D4DF810F1A9A3D41008FA560 /* Resources */,
			);
			buildRules = (
			);
			dependencies = (
				D4DF81131A9A3D41008FA560 /* PBXTargetDependency */,
			);
			name = PolyLineRenderTestTests;
			productName = PolyLineRenderTestTests;
			productReference = D4DF81111A9A3D41008FA560 /* PolyLineRenderTestTests.xctest */;
			productType = "com.apple.product-type.bundle.unit-test";
		};
/* End PBXNativeTarget section */

/* Begin PBXProject section */
		D4DF80F41A9A3D40008FA560 /* Project object */ = {
			isa = PBXProject;
			attributes = {
				LastSwiftMigration = 0700;
				LastSwiftUpdateCheck = 0700;
				LastUpgradeCheck = 0700;
				ORGANIZATIONNAME = "Mobile Toolworks, LLC";
				TargetAttributes = {
					D4DF80FB1A9A3D41008FA560 = {
						CreatedOnToolsVersion = 6.1.1;
					};
					D4DF81101A9A3D41008FA560 = {
						CreatedOnToolsVersion = 6.1.1;
						TestTargetID = D4DF80FB1A9A3D41008FA560;
					};
				};
			};
			buildConfigurationList = D4DF80F71A9A3D40008FA560 /* Build configuration list for PBXProject "PolyLineRenderTest" */;
			compatibilityVersion = "Xcode 3.2";
			developmentRegion = English;
			hasScannedForEncodings = 0;
			knownRegions = (
				en,
				Base,
			);
			mainGroup = D4DF80F31A9A3D40008FA560;
			productRefGroup = D4DF80FD1A9A3D41008FA560 /* Products */;
			projectDirPath = "";
			projectRoot = "";
			targets = (
				D4DF80FB1A9A3D41008FA560 /* PolyLineRenderTest */,
				D4DF81101A9A3D41008FA560 /* PolyLineRenderTestTests */,
			);
		};
/* End PBXProject section */

/* Begin PBXResourcesBuildPhase section */
		D4DF80FA1A9A3D41008FA560 /* Resources */ = {
			isa = PBXResourcesBuildPhase;
			buildActionMask = 2147483647;
			files = (
				D4DF81071A9A3D41008FA560 /* Main.storyboard in Resources */,
				D4DF810C1A9A3D41008FA560 /* LaunchScreen.xib in Resources */,
				D4DF81091A9A3D41008FA560 /* Images.xcassets in Resources */,
			);
			runOnlyForDeploymentPostprocessing = 0;
		};
		D4DF810F1A9A3D41008FA560 /* Resources */ = {
			isa = PBXResourcesBuildPhase;
			buildActionMask = 2147483647;
			files = (
			);
			runOnlyForDeploymentPostprocessing = 0;
		};
/* End PBXResourcesBuildPhase section */

/* Begin PBXSourcesBuildPhase section */
		D4DF80F81A9A3D41008FA560 /* Sources */ = {
			isa = PBXSourcesBuildPhase;
			buildActionMask = 2147483647;
			files = (
				D4DF81041A9A3D41008FA560 /* ViewController.swift in Sources */,
				D4DF81021A9A3D41008FA560 /* AppDelegate.swift in Sources */,
				D4DF81241A9AB783008FA560 /* SimplePolylineViewController.swift in Sources */,
			);
			runOnlyForDeploymentPostprocessing = 0;
		};
		D4DF810D1A9A3D41008FA560 /* Sources */ = {
			isa = PBXSourcesBuildPhase;
			buildActionMask = 2147483647;
			files = (
				D4DF81181A9A3D41008FA560 /* PolyLineRenderTestTests.swift in Sources */,
			);
			runOnlyForDeploymentPostprocessing = 0;
		};
/* End PBXSourcesBuildPhase section */

/* Begin PBXTargetDependency section */
		D4DF81131A9A3D41008FA560 /* PBXTargetDependency */ = {
			isa = PBXTargetDependency;
			target = D4DF80FB1A9A3D41008FA560 /* PolyLineRenderTest */;
			targetProxy = D4DF81121A9A3D41008FA560 /* PBXContainerItemProxy */;
		};
/* End PBXTargetDependency section */

/* Begin PBXVariantGroup section */
		D4DF81051A9A3D41008FA560 /* Main.storyboard */ = {
			isa = PBXVariantGroup;
			children = (
				D4DF81061A9A3D41008FA560 /* Base */,
			);
			name = Main.storyboard;
			sourceTree = "<group>";
		};
		D4DF810A1A9A3D41008FA560 /* LaunchScreen.xib */ = {
			isa = PBXVariantGroup;
			children = (
				D4DF810B1A9A3D41008FA560 /* Base */,
			);
			name = LaunchScreen.xib;
			sourceTree = "<group>";
		};
/* End PBXVariantGroup section */

/* Begin XCBuildConfiguration section */
		D4DF81191A9A3D41008FA560 /* Debug */ = {
			isa = XCBuildConfiguration;
			buildSettings = {
				ALWAYS_SEARCH_USER_PATHS = NO;
				CLANG_CXX_LANGUAGE_STANDARD = "gnu++0x";
				CLANG_CXX_LIBRARY = "libc++";
				CLANG_ENABLE_MODULES = YES;
				CLANG_ENABLE_OBJC_ARC = YES;
				CLANG_WARN_BOOL_CONVERSION = YES;
				CLANG_WARN_CONSTANT_CONVERSION = YES;
				CLANG_WARN_DIRECT_OBJC_ISA_USAGE = YES_ERROR;
				CLANG_WARN_EMPTY_BODY = YES;
				CLANG_WARN_ENUM_CONVERSION = YES;
				CLANG_WARN_INT_CONVERSION = YES;
				CLANG_WARN_OBJC_ROOT_CLASS = YES_ERROR;
				CLANG_WARN_UNREACHABLE_CODE = YES;
				CLANG_WARN__DUPLICATE_METHOD_MATCH = YES;
				"CODE_SIGN_IDENTITY[sdk=iphoneos*]" = "iPhone Developer";
				COPY_PHASE_STRIP = NO;
				ENABLE_STRICT_OBJC_MSGSEND = YES;
				ENABLE_TESTABILITY = YES;
				GCC_C_LANGUAGE_STANDARD = gnu99;
				GCC_DYNAMIC_NO_PIC = NO;
				GCC_OPTIMIZATION_LEVEL = 0;
				GCC_PREPROCESSOR_DEFINITIONS = (
					"DEBUG=1",
					"$(inherited)",
				);
				GCC_SYMBOLS_PRIVATE_EXTERN = NO;
				GCC_WARN_64_TO_32_BIT_CONVERSION = YES;
				GCC_WARN_ABOUT_RETURN_TYPE = YES_ERROR;
				GCC_WARN_UNDECLARED_SELECTOR = YES;
				GCC_WARN_UNINITIALIZED_AUTOS = YES_AGGRESSIVE;
				GCC_WARN_UNUSED_FUNCTION = YES;
				GCC_WARN_UNUSED_VARIABLE = YES;
				IPHONEOS_DEPLOYMENT_TARGET = 8.1;
				MTL_ENABLE_DEBUG_INFO = YES;
				ONLY_ACTIVE_ARCH = YES;
				SDKROOT = iphoneos;
				SWIFT_OPTIMIZATION_LEVEL = "-Onone";
				TARGETED_DEVICE_FAMILY = 2;
			};
			name = Debug;
		};
		D4DF811A1A9A3D41008FA560 /* Release */ = {
			isa = XCBuildConfiguration;
			buildSettings = {
				ALWAYS_SEARCH_USER_PATHS = NO;
				CLANG_CXX_LANGUAGE_STANDARD = "gnu++0x";
				CLANG_CXX_LIBRARY = "libc++";
				CLANG_ENABLE_MODULES = YES;
				CLANG_ENABLE_OBJC_ARC = YES;
				CLANG_WARN_BOOL_CONVERSION = YES;
				CLANG_WARN_CONSTANT_CONVERSION = YES;
				CLANG_WARN_DIRECT_OBJC_ISA_USAGE = YES_ERROR;
				CLANG_WARN_EMPTY_BODY = YES;
				CLANG_WARN_ENUM_CONVERSION = YES;
				CLANG_WARN_INT_CONVERSION = YES;
				CLANG_WARN_OBJC_ROOT_CLASS = YES_ERROR;
				CLANG_WARN_UNREACHABLE_CODE = YES;
				CLANG_WARN__DUPLICATE_METHOD_MATCH = YES;
				"CODE_SIGN_IDENTITY[sdk=iphoneos*]" = "iPhone Developer";
				COPY_PHASE_STRIP = YES;
				ENABLE_NS_ASSERTIONS = NO;
				ENABLE_STRICT_OBJC_MSGSEND = YES;
				GCC_C_LANGUAGE_STANDARD = gnu99;
				GCC_WARN_64_TO_32_BIT_CONVERSION = YES;
				GCC_WARN_ABOUT_RETURN_TYPE = YES_ERROR;
				GCC_WARN_UNDECLARED_SELECTOR = YES;
				GCC_WARN_UNINITIALIZED_AUTOS = YES_AGGRESSIVE;
				GCC_WARN_UNUSED_FUNCTION = YES;
				GCC_WARN_UNUSED_VARIABLE = YES;
				IPHONEOS_DEPLOYMENT_TARGET = 8.1;
				MTL_ENABLE_DEBUG_INFO = NO;
				SDKROOT = iphoneos;
				TARGETED_DEVICE_FAMILY = 2;
				VALIDATE_PRODUCT = YES;
			};
			name = Release;
		};
		D4DF811C1A9A3D41008FA560 /* Debug */ = {
			isa = XCBuildConfiguration;
			buildSettings = {
				ASSETCATALOG_COMPILER_APPICON_NAME = AppIcon;
				INFOPLIST_FILE = PolyLineRenderTest/Info.plist;
				LD_RUNPATH_SEARCH_PATHS = "$(inherited) @executable_path/Frameworks";
				PRODUCT_BUNDLE_IDENTIFIER = "com.mobiletoolworks.$(PRODUCT_NAME:rfc1034identifier)";
				PRODUCT_NAME = "$(TARGET_NAME)";
			};
			name = Debug;
		};
		D4DF811D1A9A3D41008FA560 /* Release */ = {
			isa = XCBuildConfiguration;
			buildSettings = {
				ASSETCATALOG_COMPILER_APPICON_NAME = AppIcon;
				INFOPLIST_FILE = PolyLineRenderTest/Info.plist;
				LD_RUNPATH_SEARCH_PATHS = "$(inherited) @executable_path/Frameworks";
				PRODUCT_BUNDLE_IDENTIFIER = "com.mobiletoolworks.$(PRODUCT_NAME:rfc1034identifier)";
				PRODUCT_NAME = "$(TARGET_NAME)";
			};
			name = Release;
		};
		D4DF811F1A9A3D41008FA560 /* Debug */ = {
			isa = XCBuildConfiguration;
			buildSettings = {
				BUNDLE_LOADER = "$(TEST_HOST)";
				FRAMEWORK_SEARCH_PATHS = (
					"$(SDKROOT)/Developer/Library/Frameworks",
					"$(inherited)",
				);
				GCC_PREPROCESSOR_DEFINITIONS = (
					"DEBUG=1",
					"$(inherited)",
				);
				INFOPLIST_FILE = PolyLineRenderTestTests/Info.plist;
				LD_RUNPATH_SEARCH_PATHS = "$(inherited) @executable_path/Frameworks @loader_path/Frameworks";
				PRODUCT_BUNDLE_IDENTIFIER = "com.mobiletoolworks.$(PRODUCT_NAME:rfc1034identifier)";
				PRODUCT_NAME = "$(TARGET_NAME)";
				TEST_HOST = "$(BUILT_PRODUCTS_DIR)/PolyLineRenderTest.app/PolyLineRenderTest";
			};
			name = Debug;
		};
		D4DF81201A9A3D41008FA560 /* Release */ = {
			isa = XCBuildConfiguration;
			buildSettings = {
				BUNDLE_LOADER = "$(TEST_HOST)";
				FRAMEWORK_SEARCH_PATHS = (
					"$(SDKROOT)/Developer/Library/Frameworks",
					"$(inherited)",
				);
				INFOPLIST_FILE = PolyLineRenderTestTests/Info.plist;
				LD_RUNPATH_SEARCH_PATHS = "$(inherited) @executable_path/Frameworks @loader_path/Frameworks";
				PRODUCT_BUNDLE_IDENTIFIER = "com.mobiletoolworks.$(PRODUCT_NAME:rfc1034identifier)";
				PRODUCT_NAME = "$(TARGET_NAME)";
				TEST_HOST = "$(BUILT_PRODUCTS_DIR)/PolyLineRenderTest.app/PolyLineRenderTest";
			};
			name = Release;
		};
/* End XCBuildConfiguration section */

/* Begin XCConfigurationList section */
		D4DF80F71A9A3D40008FA560 /* Build configuration list for PBXProject "PolyLineRenderTest" */ = {
			isa = XCConfigurationList;
			buildConfigurations = (
				D4DF81191A9A3D41008FA560 /* Debug */,
				D4DF811A1A9A3D41008FA560 /* Release */,
			);
			defaultConfigurationIsVisible = 0;
			defaultConfigurationName = Release;
		};
		D4DF811B1A9A3D41008FA560 /* Build configuration list for PBXNativeTarget "PolyLineRenderTest" */ = {
			isa = XCConfigurationList;
			buildConfigurations = (
				D4DF811C1A9A3D41008FA560 /* Debug */,
				D4DF811D1A9A3D41008FA560 /* Release */,
			);
			defaultConfigurationIsVisible = 0;
			defaultConfigurationName = Release;
		};
		D4DF811E1A9A3D41008FA560 /* Build configuration list for PBXNativeTarget "PolyLineRenderTestTests" */ = {
			isa = XCConfigurationList;
			buildConfigurations = (
				D4DF811F1A9A3D41008FA560 /* Debug */,
				D4DF81201A9A3D41008FA560 /* Release */,
			);
			defaultConfigurationIsVisible = 0;
			defaultConfigurationName = Release;
		};
/* End XCConfigurationList section */
	};
	rootObject = D4DF80F41A9A3D40008FA560 /* Project object */;
}
